<?xml version="1.0" encoding="utf-8"?>
<Project ToolsVersion="4.0" xmlns="http://schemas.microsoft.com/developer/msbuild/2003">
  <ItemGroup>
    <Filter Include="소스 파일">
      <UniqueIdentifier>{4FC737F1-C7A5-4376-A066-2A32D752A2FF}</UniqueIdentifier>
      <Extensions>cpp;c;cc;cxx;def;odl;idl;hpj;bat;asm;asmx</Extensions>
    </Filter>
    <Filter Include="헤더 파일">
      <UniqueIdentifier>{93995380-89BD-4b04-88EB-625FBE52EBFB}</UniqueIdentifier>
      <Extensions>h;hh;hpp;hxx;hm;inl;inc;ipp;xsd</Extensions>
    </Filter>
    <Filter Include="리소스 파일">
      <UniqueIdentifier>{67DA6AB6-F800-4c08-8B7A-83BB121AAD01}</UniqueIdentifier>
      <Extensions>rc;ico;cur;bmp;dlg;rc2;rct;bin;rgs;gif;jpg;jpeg;jpe;resx;tiff;tif;png;wav;mfcribbon-ms</Extensions>
    </Filter>
    <Filter Include="소스 파일\Lecture">
      <UniqueIdentifier>{30771c03-0f7c-4324-99ad-51183fa81833}</UniqueIdentifier>
    </Filter>
    <Filter Include="헤더 파일\Lecture">
      <UniqueIdentifier>{e21c3e88-0ee8-4e2f-bdc5-c9bcdd671b2f}</UniqueIdentifier>
    </Filter>
  </ItemGroup>
  <ItemGroup>
    <ClCompile Include="main.cpp">
      <Filter>소스 파일</Filter>
    </ClCompile>
    <ClCompile Include="6_1_배열기초.cpp">
      <Filter>소스 파일\Lecture</Filter>
    </ClCompile>
    <ClCompile Include="6_3_배열과_반복문.cpp">
      <Filter>소스 파일\Lecture</Filter>
    </ClCompile>
    <ClCompile Include="6_5_정적_다차원_배열.cpp">
      <Filter>소스 파일\Lecture</Filter>
    </ClCompile>
    <ClCompile Include="6_6_C언어_스타일의_배열_문자열.cpp">
      <Filter>소스 파일\Lecture</Filter>
    </ClCompile>
    <ClCompile Include="6_7_포인터의_기본적인_사용법.cpp">
      <Filter>소스 파일\Lecture</Filter>
    </ClCompile>
    <ClCompile Include="6_7_a_Null_Pointer.cpp">
      <Filter>소스 파일\Lecture</Filter>
    </ClCompile>
    <ClCompile Include="6_8_포인터와_정적_배열.cpp">
      <Filter>소스 파일\Lecture</Filter>
    </ClCompile>
    <ClCompile Include="6_9_포인터_연산과_배열_인덱싱.cpp">
      <Filter>소스 파일\Lecture</Filter>
    </ClCompile>
    <ClCompile Include="6_10_C언어_스타일의_문자열_심볼릭_상수.cpp">
      <Filter>소스 파일\Lecture</Filter>
    </ClCompile>
    <ClCompile Include="6_11_메모리_동적_할당_new_delete.cpp">
      <Filter>소스 파일\Lecture</Filter>
    </ClCompile>
    <ClCompile Include="6_12_동적_할당_배열.cpp">
      <Filter>소스 파일\Lecture</Filter>
    </ClCompile>
    <ClCompile Include="6_13_포인터와_const.cpp">
      <Filter>소스 파일\Lecture</Filter>
    </ClCompile>
  </ItemGroup>
  <ItemGroup>
    <ClInclude Include="main.h">
      <Filter>헤더 파일</Filter>
    </ClInclude>
    <ClInclude Include="6_1_배열기초.h">
      <Filter>헤더 파일\Lecture</Filter>
    </ClInclude>
    <ClInclude Include="6_3_배열과_반복문.h">
      <Filter>헤더 파일\Lecture</Filter>
    </ClInclude>
    <ClInclude Include="6_5_정적_다차원_배열.h">
      <Filter>헤더 파일\Lecture</Filter>
    </ClInclude>
    <ClInclude Include="6_6_C언어_스타일의_배열_문자열.h">
      <Filter>헤더 파일\Lecture</Filter>
    </ClInclude>
    <ClInclude Include="6_7_포인터의_기본적인_사용법.h">
      <Filter>헤더 파일\Lecture</Filter>
    </ClInclude>
    <ClInclude Include="6_7_a_Null_Pointer.h">
      <Filter>헤더 파일\Lecture</Filter>
    </ClInclude>
    <ClInclude Include="6_8_포인터와_정적_배열.h">
      <Filter>헤더 파일\Lecture</Filter>
    </ClInclude>
    <ClInclude Include="6_9_포인터_연산과_배열_인덱싱.h">
      <Filter>헤더 파일\Lecture</Filter>
    </ClInclude>
    <ClInclude Include="6_10_C언어_스타일의_문자열_심볼릭_상수.h">
      <Filter>헤더 파일\Lecture</Filter>
    </ClInclude>
    <ClInclude Include="6_11_메모리_동적_할당_new_delete.h">
      <Filter>헤더 파일\Lecture</Filter>
    </ClInclude>
    <ClInclude Include="6_12_동적_할당_배열.h">
      <Filter>헤더 파일\Lecture</Filter>
    </ClInclude>
    <ClInclude Include="6_13_포인터와_const.h">
      <Filter>헤더 파일\Lecture</Filter>
    </ClInclude>
  </ItemGroup>
</Project>