<?xml version="1.0" encoding="utf-8"?>
<Project ToolsVersion="4.0" xmlns="http://schemas.microsoft.com/developer/msbuild/2003">
  <ItemGroup>
    <Filter Include="소스 파일">
      <UniqueIdentifier>{4FC737F1-C7A5-4376-A066-2A32D752A2FF}</UniqueIdentifier>
      <Extensions>cpp;c;cc;cxx;def;odl;idl;hpj;bat;asm;asmx</Extensions>
    </Filter>
    <Filter Include="헤더 파일">
      <UniqueIdentifier>{93995380-89BD-4b04-88EB-625FBE52EBFB}</UniqueIdentifier>
      <Extensions>h;hh;hpp;hxx;hm;inl;inc;ipp;xsd</Extensions>
    </Filter>
    <Filter Include="리소스 파일">
      <UniqueIdentifier>{67DA6AB6-F800-4c08-8B7A-83BB121AAD01}</UniqueIdentifier>
      <Extensions>rc;ico;cur;bmp;dlg;rc2;rct;bin;rgs;gif;jpg;jpeg;jpe;resx;tiff;tif;png;wav;mfcribbon-ms</Extensions>
    </Filter>
    <Filter Include="소스 파일\Lecture">
      <UniqueIdentifier>{cfa94dc4-e88e-43ea-84fb-6c08d3d64fce}</UniqueIdentifier>
    </Filter>
    <Filter Include="헤더 파일\Lecture">
      <UniqueIdentifier>{91362d08-98d1-41ac-85f0-ab33af4f2dd7}</UniqueIdentifier>
    </Filter>
  </ItemGroup>
  <ItemGroup>
    <ClCompile Include="2_1_기본_자료형_소개.cpp">
      <Filter>소스 파일\Lecture</Filter>
    </ClCompile>
    <ClCompile Include="main.cpp">
      <Filter>소스 파일</Filter>
    </ClCompile>
    <ClCompile Include="2_2_정수형.cpp">
      <Filter>소스 파일\Lecture</Filter>
    </ClCompile>
    <ClCompile Include="2_3_C++11_고정_너비_정수.cpp">
      <Filter>소스 파일\Lecture</Filter>
    </ClCompile>
    <ClCompile Include="2_4_무치형_보이드_Void.cpp">
      <Filter>소스 파일\Lecture</Filter>
    </ClCompile>
    <ClCompile Include="2_5_부동소수점_수.cpp">
      <Filter>소스 파일\Lecture</Filter>
    </ClCompile>
    <ClCompile Include="2_6_불리언_자료형과_조건문_if.cpp">
      <Filter>소스 파일\Lecture</Filter>
    </ClCompile>
    <ClCompile Include="2_7_문자형_char_type.cpp">
      <Filter>소스 파일\Lecture</Filter>
    </ClCompile>
    <ClCompile Include="2_8_리터럴_상수.cpp">
      <Filter>소스 파일\Lecture</Filter>
    </ClCompile>
    <ClCompile Include="2_9_심볼릭_상수.cpp">
      <Filter>소스 파일\Lecture</Filter>
    </ClCompile>
  </ItemGroup>
  <ItemGroup>
    <ClInclude Include="main.h">
      <Filter>헤더 파일</Filter>
    </ClInclude>
    <ClInclude Include="2_1_기본_자료형_소개.h">
      <Filter>헤더 파일\Lecture</Filter>
    </ClInclude>
    <ClInclude Include="2_2_정수형.h">
      <Filter>헤더 파일\Lecture</Filter>
    </ClInclude>
    <ClInclude Include="2_4_무치형_보이드_Void.h">
      <Filter>헤더 파일\Lecture</Filter>
    </ClInclude>
    <ClInclude Include="2_3_C++11_고정_너비_정수.h">
      <Filter>헤더 파일\Lecture</Filter>
    </ClInclude>
    <ClInclude Include="2_5_부동소수점_수.h">
      <Filter>헤더 파일\Lecture</Filter>
    </ClInclude>
    <ClInclude Include="2_6_불리언_자료형과_조건문_if.h">
      <Filter>헤더 파일\Lecture</Filter>
    </ClInclude>
    <ClInclude Include="2_7_문자형_char_type.h">
      <Filter>헤더 파일\Lecture</Filter>
    </ClInclude>
    <ClInclude Include="2_8_리터럴_상수.h">
      <Filter>헤더 파일\Lecture</Filter>
    </ClInclude>
    <ClInclude Include="2_9_심볼릭_상수.h">
      <Filter>헤더 파일\Lecture</Filter>
    </ClInclude>
    <ClInclude Include="MY_CONSTANTS.h">
      <Filter>헤더 파일\Lecture</Filter>
    </ClInclude>
  </ItemGroup>
</Project>